
Microsoft Visual Studio Solution File, Format Version 12.00
# Visual Studio Version 16
VisualStudioVersion = 16.0.31005.135
MinimumVisualStudioVersion = 10.0.40219.1
Project("{FAE04EC0-301F-11D3-BF4B-00C04F79EFBC}") = "Lab2_DateTime", "Lab2_DateTime\Lab2_DateTime.csproj", "{D1EC313E-7BBB-456C-BDB0-8BC057DAD43E}"
EndProject
Global
	GlobalSection(SolutionConfigurationPlatforms) = preSolution
		Debug|Any CPU = Debug|Any CPU
		Release|Any CPU = Release|Any CPU
	EndGlobalSection
	GlobalSection(ProjectConfigurationPlatforms) = postSolution
		{D1EC313E-7BBB-456C-BDB0-8BC057DAD43E}.Debug|Any CPU.ActiveCfg = Debug|Any CPU
		{D1EC313E-7BBB-456C-BDB0-8BC057DAD43E}.Debug|Any CPU.Build.0 = Debug|Any CPU
		{D1EC313E-7BBB-456C-BDB0-8BC057DAD43E}.Release|Any CPU.ActiveCfg = Release|Any CPU
		{D1EC313E-7BBB-456C-BDB0-8BC057DAD43E}.Release|Any CPU.Build.0 = Release|Any CPU
	EndGlobalSection
	GlobalSection(SolutionProperties) = preSolution
		HideSolutionNode = FALSE
	EndGlobalSection
	GlobalSection(ExtensibilityGlobals) = postSolution
		SolutionGuid = {5630517A-F6C5-4699-991F-BD0C3BF51384}
	EndGlobalSection
EndGlobal
